// !$*UTF8*$!
{
	archiveVersion = 1;
	classes = {
	};
	objectVersion = 56;
	objects = {

/* Begin PBXBuildFile section */
		ADABF6EE2A51449000F8745D /* ShakeItModel.swift in Sources */ = {isa = PBXBuildFile; fileRef = ADABF6ED2A51449000F8745D /* ShakeItModel.swift */; };
		CC0362CA2A4A169F00A308C1 /* SelectedGameDelegate.swift in Sources */ = {isa = PBXBuildFile; fileRef = CC0362C92A4A169F00A308C1 /* SelectedGameDelegate.swift */; };
		CC0362CD2A4A1BDA00A308C1 /* GameData.swift in Sources */ = {isa = PBXBuildFile; fileRef = CC0362CC2A4A1BDA00A308C1 /* GameData.swift */; };
		CC0362CF2A4A2AF800A308C1 /* ShakeItGame.storyboard in Resources */ = {isa = PBXBuildFile; fileRef = CC0362CE2A4A2AF800A308C1 /* ShakeItGame.storyboard */; };
		CC0C834A2A1A40CF00DB6534 /* GameContentsTableViewCell.swift in Sources */ = {isa = PBXBuildFile; fileRef = CC0C83492A1A40CF00DB6534 /* GameContentsTableViewCell.swift */; };
		CC0C83512A1B293D00DB6534 /* ImageResize.swift in Sources */ = {isa = PBXBuildFile; fileRef = CC0C83502A1B293D00DB6534 /* ImageResize.swift */; };
		CC4E09E62A1931DC00B7ED08 /* NanumGothicExtraBold.otf in Resources */ = {isa = PBXBuildFile; fileRef = CC4E09E52A1931DC00B7ED08 /* NanumGothicExtraBold.otf */; };
		CC5D8DE12A1928AA0089A850 /* AppDelegate.swift in Sources */ = {isa = PBXBuildFile; fileRef = CC5D8DE02A1928AA0089A850 /* AppDelegate.swift */; };
		CC5D8DE32A1928AA0089A850 /* SceneDelegate.swift in Sources */ = {isa = PBXBuildFile; fileRef = CC5D8DE22A1928AA0089A850 /* SceneDelegate.swift */; };
		CC5D8DE52A1928AA0089A850 /* HomeViewController.swift in Sources */ = {isa = PBXBuildFile; fileRef = CC5D8DE42A1928AA0089A850 /* HomeViewController.swift */; };
		CC5D8DE82A1928AA0089A850 /* Home.storyboard in Resources */ = {isa = PBXBuildFile; fileRef = CC5D8DE62A1928AA0089A850 /* Home.storyboard */; };
		CC5D8DEA2A1928AB0089A850 /* Assets.xcassets in Resources */ = {isa = PBXBuildFile; fileRef = CC5D8DE92A1928AB0089A850 /* Assets.xcassets */; };
		CC5D8DED2A1928AB0089A850 /* LaunchScreen.storyboard in Resources */ = {isa = PBXBuildFile; fileRef = CC5D8DEB2A1928AB0089A850 /* LaunchScreen.storyboard */; };
		CC5D8DF92A1929C40089A850 /* HexColor.swift in Sources */ = {isa = PBXBuildFile; fileRef = CC5D8DF82A1929C40089A850 /* HexColor.swift */; };
		CC637CC22A4A064F0003DA93 /* HomeData.swift in Sources */ = {isa = PBXBuildFile; fileRef = CC637CC12A4A064F0003DA93 /* HomeData.swift */; };
		CC637CC92A4A0BD00003DA93 /* BBGame.storyboard in Resources */ = {isa = PBXBuildFile; fileRef = CC637CC82A4A0BD00003DA93 /* BBGame.storyboard */; };
		CC637CCC2A4A0BF80003DA93 /* BBGameData.swift in Sources */ = {isa = PBXBuildFile; fileRef = CC637CCB2A4A0BF80003DA93 /* BBGameData.swift */; };
		CC637CE12A4A13BD0003DA93 /* ReadyandFinish.storyboard in Resources */ = {isa = PBXBuildFile; fileRef = CC637CE02A4A13BD0003DA93 /* ReadyandFinish.storyboard */; };
		CC737CA52A460C5500841C99 /* Main.m4a in Resources */ = {isa = PBXBuildFile; fileRef = CC737CA42A460C5500841C99 /* Main.m4a */; };
		CC737CA92A46127100841C99 /* Game.m4a in Resources */ = {isa = PBXBuildFile; fileRef = CC737CA82A46127100841C99 /* Game.m4a */; };
		CC737CAC2A4616A100841C99 /* AudioPlayerDelegate.swift in Sources */ = {isa = PBXBuildFile; fileRef = CC737CAB2A4616A100841C99 /* AudioPlayerDelegate.swift */; };
		CC737CAE2A4628EB00841C99 /* AudioPlayer.swift in Sources */ = {isa = PBXBuildFile; fileRef = CC737CAD2A4628EB00841C99 /* AudioPlayer.swift */; };
		CC7FC8622A2847F700D4F33A /* BBGameViewController.swift in Sources */ = {isa = PBXBuildFile; fileRef = CC7FC8612A2847F700D4F33A /* BBGameViewController.swift */; };
		CC8787212A24860700C79AD3 /* StartingViewController.swift in Sources */ = {isa = PBXBuildFile; fileRef = CC8787202A24860700C79AD3 /* StartingViewController.swift */; };
		CCCAFAF72A49BD5A00D79EDD /* ShakeItGameViewController.swift in Sources */ = {isa = PBXBuildFile; fileRef = CCCAFAF62A49BD5A00D79EDD /* ShakeItGameViewController.swift */; };
		CCCAFAF92A49BFC400D79EDD /* GameTimer.swift in Sources */ = {isa = PBXBuildFile; fileRef = CCCAFAF82A49BFC400D79EDD /* GameTimer.swift */; };
		CCD55F1D2A44AD5600AD3206 /* CustomizeView.swift in Sources */ = {isa = PBXBuildFile; fileRef = CCD55F1C2A44AD5600AD3206 /* CustomizeView.swift */; };
		CCD55F1F2A44AF4900AD3206 /* StackNavigation.swift in Sources */ = {isa = PBXBuildFile; fileRef = CCD55F1E2A44AF4900AD3206 /* StackNavigation.swift */; };
		CCDD056C2A56A537007C54B1 /* GoogleService-Info.plist in Resources */ = {isa = PBXBuildFile; fileRef = CCDD056B2A56A537007C54B1 /* GoogleService-Info.plist */; };
		CCDDFB0E2A554366003BDAC6 /* GameRecordViewController.swift in Sources */ = {isa = PBXBuildFile; fileRef = CCDDFB0D2A554366003BDAC6 /* GameRecordViewController.swift */; };
		CCDDFB102A55455D003BDAC6 /* GameRecordTableViewCell.swift in Sources */ = {isa = PBXBuildFile; fileRef = CCDDFB0F2A55455D003BDAC6 /* GameRecordTableViewCell.swift */; };
		CCEC338F2A46C1F2006D2109 /* GameResultViewController.swift in Sources */ = {isa = PBXBuildFile; fileRef = CCEC338E2A46C1F2006D2109 /* GameResultViewController.swift */; };
		CCEC33912A46C7C7006D2109 /* GameDelegate.swift in Sources */ = {isa = PBXBuildFile; fileRef = CCEC33902A46C7C7006D2109 /* GameDelegate.swift */; };
		CCEDDA0F2A4F41AD008084C5 /* FirebaseFirestore in Frameworks */ = {isa = PBXBuildFile; productRef = CCEDDA0E2A4F41AD008084C5 /* FirebaseFirestore */; };
		CCEDDA112A4F41AD008084C5 /* FirebaseFirestoreSwift in Frameworks */ = {isa = PBXBuildFile; productRef = CCEDDA102A4F41AD008084C5 /* FirebaseFirestoreSwift */; };
		CCEDDA132A52BFFE008084C5 /* ShowAlert.swift in Sources */ = {isa = PBXBuildFile; fileRef = CCEDDA122A52BFFE008084C5 /* ShowAlert.swift */; };
		FF20B2B82A57E4420031535C /* MultiplyAndPlusGameData.swift in Sources */ = {isa = PBXBuildFile; fileRef = FF20B2B72A57E4420031535C /* MultiplyAndPlusGameData.swift */; };

		FF6B4E052A50675000E3EB36 /* PlusGame.storyboard in Resources */ = {isa = PBXBuildFile; fileRef = FF6B4E042A50675000E3EB36 /* PlusGame.storyboard */; };
		FF6B4E072A50676600E3EB36 /* PlusGameViewController.swift in Sources */ = {isa = PBXBuildFile; fileRef = FF6B4E062A50676600E3EB36 /* PlusGameViewController.swift */; };
		FF910BD92A4D525800B231E9 /* MultiplyGame.storyboard in Resources */ = {isa = PBXBuildFile; fileRef = FF910BD82A4D525800B231E9 /* MultiplyGame.storyboard */; };
		FF910BDF2A4D529700B231E9 /* MultiplyGameViewController.swift in Sources */ = {isa = PBXBuildFile; fileRef = FF910BDE2A4D529700B231E9 /* MultiplyGameViewController.swift */; };
		FF996CBB2A52D71600A1F612 /* GoogleService-Info.plist in Resources */ = {isa = PBXBuildFile; fileRef = FF996CBA2A52D71600A1F612 /* GoogleService-Info.plist */; };
/* End PBXBuildFile section */

/* Begin PBXFileReference section */
		ADABF6ED2A51449000F8745D /* ShakeItModel.swift */ = {isa = PBXFileReference; lastKnownFileType = sourcecode.swift; name = ShakeItModel.swift; path = NineNine/ShakeItGame/Model/ShakeItModel.swift; sourceTree = SOURCE_ROOT; };
		CC0362C92A4A169F00A308C1 /* SelectedGameDelegate.swift */ = {isa = PBXFileReference; lastKnownFileType = sourcecode.swift; path = SelectedGameDelegate.swift; sourceTree = "<group>"; };
		CC0362CC2A4A1BDA00A308C1 /* GameData.swift */ = {isa = PBXFileReference; lastKnownFileType = sourcecode.swift; path = GameData.swift; sourceTree = "<group>"; };
		CC0362CE2A4A2AF800A308C1 /* ShakeItGame.storyboard */ = {isa = PBXFileReference; lastKnownFileType = file.storyboard; path = ShakeItGame.storyboard; sourceTree = "<group>"; };
		CC0C83492A1A40CF00DB6534 /* GameContentsTableViewCell.swift */ = {isa = PBXFileReference; lastKnownFileType = sourcecode.swift; path = GameContentsTableViewCell.swift; sourceTree = "<group>"; };
		CC0C83502A1B293D00DB6534 /* ImageResize.swift */ = {isa = PBXFileReference; lastKnownFileType = sourcecode.swift; path = ImageResize.swift; sourceTree = "<group>"; };
		CC4E09E52A1931DC00B7ED08 /* NanumGothicExtraBold.otf */ = {isa = PBXFileReference; lastKnownFileType = file; path = NanumGothicExtraBold.otf; sourceTree = "<group>"; };
		CC5D8DDD2A1928AA0089A850 /* NineNine.app */ = {isa = PBXFileReference; explicitFileType = wrapper.application; includeInIndex = 0; path = NineNine.app; sourceTree = BUILT_PRODUCTS_DIR; };
		CC5D8DE02A1928AA0089A850 /* AppDelegate.swift */ = {isa = PBXFileReference; lastKnownFileType = sourcecode.swift; path = AppDelegate.swift; sourceTree = "<group>"; };
		CC5D8DE22A1928AA0089A850 /* SceneDelegate.swift */ = {isa = PBXFileReference; lastKnownFileType = sourcecode.swift; path = SceneDelegate.swift; sourceTree = "<group>"; };
		CC5D8DE42A1928AA0089A850 /* HomeViewController.swift */ = {isa = PBXFileReference; lastKnownFileType = sourcecode.swift; path = HomeViewController.swift; sourceTree = "<group>"; };
		CC5D8DE72A1928AA0089A850 /* Base */ = {isa = PBXFileReference; lastKnownFileType = file.storyboard; name = Base; path = Base.lproj/Home.storyboard; sourceTree = "<group>"; };
		CC5D8DE92A1928AB0089A850 /* Assets.xcassets */ = {isa = PBXFileReference; lastKnownFileType = folder.assetcatalog; path = Assets.xcassets; sourceTree = "<group>"; };
		CC5D8DEC2A1928AB0089A850 /* Base */ = {isa = PBXFileReference; lastKnownFileType = file.storyboard; name = Base; path = Base.lproj/LaunchScreen.storyboard; sourceTree = "<group>"; };
		CC5D8DEE2A1928AB0089A850 /* Info.plist */ = {isa = PBXFileReference; lastKnownFileType = text.plist.xml; path = Info.plist; sourceTree = "<group>"; };
		CC5D8DF82A1929C40089A850 /* HexColor.swift */ = {isa = PBXFileReference; lastKnownFileType = sourcecode.swift; path = HexColor.swift; sourceTree = "<group>"; };
		CC637CC12A4A064F0003DA93 /* HomeData.swift */ = {isa = PBXFileReference; lastKnownFileType = sourcecode.swift; path = HomeData.swift; sourceTree = "<group>"; };
		CC637CC82A4A0BD00003DA93 /* BBGame.storyboard */ = {isa = PBXFileReference; lastKnownFileType = file.storyboard; path = BBGame.storyboard; sourceTree = "<group>"; };
		CC637CCB2A4A0BF80003DA93 /* BBGameData.swift */ = {isa = PBXFileReference; lastKnownFileType = sourcecode.swift; path = BBGameData.swift; sourceTree = "<group>"; };
		CC637CE02A4A13BD0003DA93 /* ReadyandFinish.storyboard */ = {isa = PBXFileReference; lastKnownFileType = file.storyboard; path = ReadyandFinish.storyboard; sourceTree = "<group>"; };
		CC737CA42A460C5500841C99 /* Main.m4a */ = {isa = PBXFileReference; lastKnownFileType = file; path = Main.m4a; sourceTree = "<group>"; };
		CC737CA82A46127100841C99 /* Game.m4a */ = {isa = PBXFileReference; lastKnownFileType = file; path = Game.m4a; sourceTree = "<group>"; };
		CC737CAB2A4616A100841C99 /* AudioPlayerDelegate.swift */ = {isa = PBXFileReference; lastKnownFileType = sourcecode.swift; path = AudioPlayerDelegate.swift; sourceTree = "<group>"; };
		CC737CAD2A4628EB00841C99 /* AudioPlayer.swift */ = {isa = PBXFileReference; lastKnownFileType = sourcecode.swift; path = AudioPlayer.swift; sourceTree = "<group>"; };
		CC7FC8612A2847F700D4F33A /* BBGameViewController.swift */ = {isa = PBXFileReference; lastKnownFileType = sourcecode.swift; path = BBGameViewController.swift; sourceTree = "<group>"; };
		CC8787202A24860700C79AD3 /* StartingViewController.swift */ = {isa = PBXFileReference; lastKnownFileType = sourcecode.swift; path = StartingViewController.swift; sourceTree = "<group>"; };
		CCCAFAF62A49BD5A00D79EDD /* ShakeItGameViewController.swift */ = {isa = PBXFileReference; lastKnownFileType = sourcecode.swift; path = ShakeItGameViewController.swift; sourceTree = "<group>"; };
		CCCAFAF82A49BFC400D79EDD /* GameTimer.swift */ = {isa = PBXFileReference; lastKnownFileType = sourcecode.swift; path = GameTimer.swift; sourceTree = "<group>"; };
		CCD55F1C2A44AD5600AD3206 /* CustomizeView.swift */ = {isa = PBXFileReference; lastKnownFileType = sourcecode.swift; path = CustomizeView.swift; sourceTree = "<group>"; };
		CCD55F1E2A44AF4900AD3206 /* StackNavigation.swift */ = {isa = PBXFileReference; lastKnownFileType = sourcecode.swift; path = StackNavigation.swift; sourceTree = "<group>"; };
		CCDD056B2A56A537007C54B1 /* GoogleService-Info.plist */ = {isa = PBXFileReference; fileEncoding = 4; lastKnownFileType = text.plist.xml; path = "GoogleService-Info.plist"; sourceTree = "<group>"; };
		CCDDFB0D2A554366003BDAC6 /* GameRecordViewController.swift */ = {isa = PBXFileReference; lastKnownFileType = sourcecode.swift; path = GameRecordViewController.swift; sourceTree = "<group>"; };
		CCDDFB0F2A55455D003BDAC6 /* GameRecordTableViewCell.swift */ = {isa = PBXFileReference; lastKnownFileType = sourcecode.swift; path = GameRecordTableViewCell.swift; sourceTree = "<group>"; };
		CCEC338E2A46C1F2006D2109 /* GameResultViewController.swift */ = {isa = PBXFileReference; lastKnownFileType = sourcecode.swift; path = GameResultViewController.swift; sourceTree = "<group>"; };
		CCEC33902A46C7C7006D2109 /* GameDelegate.swift */ = {isa = PBXFileReference; lastKnownFileType = sourcecode.swift; path = GameDelegate.swift; sourceTree = "<group>"; };
		CCEDDA122A52BFFE008084C5 /* ShowAlert.swift */ = {isa = PBXFileReference; lastKnownFileType = sourcecode.swift; path = ShowAlert.swift; sourceTree = "<group>"; };
		FF20B2B72A57E4420031535C /* MultiplyAndPlusGameData.swift */ = {isa = PBXFileReference; lastKnownFileType = sourcecode.swift; path = MultiplyAndPlusGameData.swift; sourceTree = "<group>"; };

		FF6B4E042A50675000E3EB36 /* PlusGame.storyboard */ = {isa = PBXFileReference; lastKnownFileType = file.storyboard; name = PlusGame.storyboard; path = ../Model/PlusGame.storyboard; sourceTree = "<group>"; };
		FF6B4E062A50676600E3EB36 /* PlusGameViewController.swift */ = {isa = PBXFileReference; lastKnownFileType = sourcecode.swift; path = PlusGameViewController.swift; sourceTree = "<group>"; };
		FF910BD82A4D525800B231E9 /* MultiplyGame.storyboard */ = {isa = PBXFileReference; lastKnownFileType = file.storyboard; path = MultiplyGame.storyboard; sourceTree = "<group>"; };
		FF910BDE2A4D529700B231E9 /* MultiplyGameViewController.swift */ = {isa = PBXFileReference; lastKnownFileType = sourcecode.swift; path = MultiplyGameViewController.swift; sourceTree = "<group>"; };

		FF996CBA2A52D71600A1F612 /* GoogleService-Info.plist */ = {isa = PBXFileReference; fileEncoding = 4; lastKnownFileType = text.plist.xml; path = "GoogleService-Info.plist"; sourceTree = "<group>"; };

/* End PBXFileReference section */

/* Begin PBXFrameworksBuildPhase section */
		CC5D8DDA2A1928AA0089A850 /* Frameworks */ = {
			isa = PBXFrameworksBuildPhase;
			buildActionMask = 2147483647;
			files = (
				CCEDDA0F2A4F41AD008084C5 /* FirebaseFirestore in Frameworks */,
				CCEDDA112A4F41AD008084C5 /* FirebaseFirestoreSwift in Frameworks */,
			);
			runOnlyForDeploymentPostprocessing = 0;
		};
/* End PBXFrameworksBuildPhase section */

/* Begin PBXGroup section */
		CC0362CB2A4A1BC200A308C1 /* Model */ = {
			isa = PBXGroup;
			children = (
				CC0362CC2A4A1BDA00A308C1 /* GameData.swift */,
			);
			path = Model;
			sourceTree = "<group>";
		};
		CC5D8DD42A1928AA0089A850 = {
			isa = PBXGroup;
			children = (
				CC5D8DDF2A1928AA0089A850 /* NineNine */,
				CC5D8DDE2A1928AA0089A850 /* Products */,
			);
			sourceTree = "<group>";
		};
		CC5D8DDE2A1928AA0089A850 /* Products */ = {
			isa = PBXGroup;
			children = (
				CC5D8DDD2A1928AA0089A850 /* NineNine.app */,
			);
			name = Products;
			sourceTree = "<group>";
		};
		CC5D8DDF2A1928AA0089A850 /* NineNine */ = {
			isa = PBXGroup;
			children = (
				FF9693272A4E8AF4001C1BD4 /* PlusAndMultiplyGame */,
				CC637CDD2A4A134D0003DA93 /* GameReadyandFinish */,
				CC637CD12A4A0C710003DA93 /* TabTabGame */,
				CC637CCD2A4A0C4B0003DA93 /* ShakeItGame */,
				CC637CC52A4A0A510003DA93 /* BBGame */,
				CC637CBA2A4A04EA0003DA93 /* Home */,
				CC5D8DF72A1929670089A850 /* Utils */,
				CC5D8DFC2A192A930089A850 /* Fonts */,
				CC737CA32A460C4A00841C99 /* BGM */,
				CC737CAA2A46163D00841C99 /* Delegate */,
				CC5D8DE02A1928AA0089A850 /* AppDelegate.swift */,
				CC5D8DE22A1928AA0089A850 /* SceneDelegate.swift */,
				CC5D8DE92A1928AB0089A850 /* Assets.xcassets */,
				CC5D8DEB2A1928AB0089A850 /* LaunchScreen.storyboard */,
				CC5D8DEE2A1928AB0089A850 /* Info.plist */,
				CCDD056B2A56A537007C54B1 /* GoogleService-Info.plist */,
			);
			path = NineNine;
			sourceTree = "<group>";
		};
		CC5D8DF72A1929670089A850 /* Utils */ = {
			isa = PBXGroup;
			children = (
				CC5D8DF82A1929C40089A850 /* HexColor.swift */,
				CC0C83502A1B293D00DB6534 /* ImageResize.swift */,
				CCD55F1C2A44AD5600AD3206 /* CustomizeView.swift */,
				CCD55F1E2A44AF4900AD3206 /* StackNavigation.swift */,
				CC737CAD2A4628EB00841C99 /* AudioPlayer.swift */,
				CCCAFAF82A49BFC400D79EDD /* GameTimer.swift */,
				CCEDDA122A52BFFE008084C5 /* ShowAlert.swift */,
			);
			path = Utils;
			sourceTree = "<group>";
		};
		CC5D8DFC2A192A930089A850 /* Fonts */ = {
			isa = PBXGroup;
			children = (
				CC4E09E52A1931DC00B7ED08 /* NanumGothicExtraBold.otf */,
			);
			path = Fonts;
			sourceTree = "<group>";
		};
		CC637CBA2A4A04EA0003DA93 /* Home */ = {
			isa = PBXGroup;
			children = (
				CC637CC02A4A06030003DA93 /* Model */,
				CC637CBF2A4A05F60003DA93 /* View */,
				CC637CBE2A4A05CB0003DA93 /* Controller */,
			);
			path = Home;
			sourceTree = "<group>";
		};
		CC637CBE2A4A05CB0003DA93 /* Controller */ = {
			isa = PBXGroup;
			children = (
				CC5D8DE42A1928AA0089A850 /* HomeViewController.swift */,
			);
			path = Controller;
			sourceTree = "<group>";
		};
		CC637CBF2A4A05F60003DA93 /* View */ = {
			isa = PBXGroup;
			children = (
				CC5D8DE62A1928AA0089A850 /* Home.storyboard */,
				CC0C83492A1A40CF00DB6534 /* GameContentsTableViewCell.swift */,
			);
			path = View;
			sourceTree = "<group>";
		};
		CC637CC02A4A06030003DA93 /* Model */ = {
			isa = PBXGroup;
			children = (
				CC637CC12A4A064F0003DA93 /* HomeData.swift */,
			);
			path = Model;
			sourceTree = "<group>";
		};
		CC637CC52A4A0A510003DA93 /* BBGame */ = {
			isa = PBXGroup;
			children = (
				CC637CCA2A4A0BE90003DA93 /* Model */,
				CC637CC72A4A0BBD0003DA93 /* View */,
				CC637CC62A4A0A7E0003DA93 /* Controller */,
			);
			path = BBGame;
			sourceTree = "<group>";
		};
		CC637CC62A4A0A7E0003DA93 /* Controller */ = {
			isa = PBXGroup;
			children = (
				CC7FC8612A2847F700D4F33A /* BBGameViewController.swift */,
			);
			path = Controller;
			sourceTree = "<group>";
		};
		CC637CC72A4A0BBD0003DA93 /* View */ = {
			isa = PBXGroup;
			children = (
				CC637CC82A4A0BD00003DA93 /* BBGame.storyboard */,
			);
			path = View;
			sourceTree = "<group>";
		};
		CC637CCA2A4A0BE90003DA93 /* Model */ = {
			isa = PBXGroup;
			children = (
				CC637CCB2A4A0BF80003DA93 /* BBGameData.swift */,
			);
			path = Model;
			sourceTree = "<group>";
		};
		CC637CCD2A4A0C4B0003DA93 /* ShakeItGame */ = {
			isa = PBXGroup;
			children = (
				CC637CD02A4A0C690003DA93 /* Model */,
				CC637CCF2A4A0C600003DA93 /* View */,
				CC637CCE2A4A0C590003DA93 /* Controller */,
			);
			path = ShakeItGame;
			sourceTree = "<group>";
		};
		CC637CCE2A4A0C590003DA93 /* Controller */ = {
			isa = PBXGroup;
			children = (
				CCCAFAF62A49BD5A00D79EDD /* ShakeItGameViewController.swift */,
			);
			path = Controller;
			sourceTree = "<group>";
		};
		CC637CCF2A4A0C600003DA93 /* View */ = {
			isa = PBXGroup;
			children = (
				CC0362CE2A4A2AF800A308C1 /* ShakeItGame.storyboard */,
			);
			path = View;
			sourceTree = "<group>";
		};
		CC637CD02A4A0C690003DA93 /* Model */ = {
			isa = PBXGroup;
			children = (
				ADABF6ED2A51449000F8745D /* ShakeItModel.swift */,
			);
			path = Model;
			sourceTree = "<group>";
		};
		CC637CD12A4A0C710003DA93 /* TabTabGame */ = {
			isa = PBXGroup;
			children = (
				CC637CD42A4A0C8E0003DA93 /* Model */,
				CC637CD32A4A0C840003DA93 /* View */,
				CC637CD22A4A0C7C0003DA93 /* Controller */,
			);
			path = TabTabGame;
			sourceTree = "<group>";
		};
		CC637CD22A4A0C7C0003DA93 /* Controller */ = {
			isa = PBXGroup;
			children = (
			);
			path = Controller;
			sourceTree = "<group>";
		};
		CC637CD32A4A0C840003DA93 /* View */ = {
			isa = PBXGroup;
			children = (
			);
			path = View;
			sourceTree = "<group>";
		};
		CC637CD42A4A0C8E0003DA93 /* Model */ = {
			isa = PBXGroup;
			children = (
			);
			path = Model;
			sourceTree = "<group>";
		};
		CC637CDD2A4A134D0003DA93 /* GameReadyandFinish */ = {
			isa = PBXGroup;
			children = (
				CC0362CB2A4A1BC200A308C1 /* Model */,
				CC637CDF2A4A13A80003DA93 /* View */,
				CC637CDE2A4A139D0003DA93 /* Controller */,
			);
			path = GameReadyandFinish;
			sourceTree = "<group>";
		};
		CC637CDE2A4A139D0003DA93 /* Controller */ = {
			isa = PBXGroup;
			children = (
				CC8787202A24860700C79AD3 /* StartingViewController.swift */,
				CCEC338E2A46C1F2006D2109 /* GameResultViewController.swift */,
				CCDDFB0D2A554366003BDAC6 /* GameRecordViewController.swift */,
			);
			path = Controller;
			sourceTree = "<group>";
		};
		CC637CDF2A4A13A80003DA93 /* View */ = {
			isa = PBXGroup;
			children = (
				CC637CE02A4A13BD0003DA93 /* ReadyandFinish.storyboard */,
				CCDDFB0F2A55455D003BDAC6 /* GameRecordTableViewCell.swift */,
			);
			path = View;
			sourceTree = "<group>";
		};
		CC737CA32A460C4A00841C99 /* BGM */ = {
			isa = PBXGroup;
			children = (
				CC737CA42A460C5500841C99 /* Main.m4a */,
				CC737CA82A46127100841C99 /* Game.m4a */,
			);
			path = BGM;
			sourceTree = "<group>";
		};
		CC737CAA2A46163D00841C99 /* Delegate */ = {
			isa = PBXGroup;
			children = (
				CC737CAB2A4616A100841C99 /* AudioPlayerDelegate.swift */,
				CCEC33902A46C7C7006D2109 /* GameDelegate.swift */,
				CC0362C92A4A169F00A308C1 /* SelectedGameDelegate.swift */,
			);
			path = Delegate;
			sourceTree = "<group>";
		};
		FF9693272A4E8AF4001C1BD4 /* PlusAndMultiplyGame */ = {
			isa = PBXGroup;
			children = (
				FF96932A2A4E8B0A001C1BD4 /* Model */,
				FF9693292A4E8B07001C1BD4 /* View */,
				FF9693282A4E8B04001C1BD4 /* Controller */,
			);
			path = PlusAndMultiplyGame;
			sourceTree = "<group>";
		};
		FF9693282A4E8B04001C1BD4 /* Controller */ = {
			isa = PBXGroup;
			children = (
				FF6B4E062A50676600E3EB36 /* PlusGameViewController.swift */,
				FF910BDE2A4D529700B231E9 /* MultiplyGameViewController.swift */,
			);
			path = Controller;
			sourceTree = "<group>";
		};
		FF9693292A4E8B07001C1BD4 /* View */ = {
			isa = PBXGroup;
			children = (
				FF6B4E042A50675000E3EB36 /* PlusGame.storyboard */,
				FF910BD82A4D525800B231E9 /* MultiplyGame.storyboard */,
			);
			path = View;
			sourceTree = "<group>";
		};
		FF96932A2A4E8B0A001C1BD4 /* Model */ = {
			isa = PBXGroup;
			children = (
				FF20B2B72A57E4420031535C /* MultiplyAndPlusGameData.swift */,
			);
			path = Model;
			sourceTree = "<group>";
		};
/* End PBXGroup section */

/* Begin PBXNativeTarget section */
		CC5D8DDC2A1928AA0089A850 /* NineNine */ = {
			isa = PBXNativeTarget;
			buildConfigurationList = CC5D8DF12A1928AB0089A850 /* Build configuration list for PBXNativeTarget "NineNine" */;
			buildPhases = (
				CC5D8DD92A1928AA0089A850 /* Sources */,
				CC5D8DDA2A1928AA0089A850 /* Frameworks */,
				CC5D8DDB2A1928AA0089A850 /* Resources */,
			);
			buildRules = (
			);
			dependencies = (
			);
			name = NineNine;
			packageProductDependencies = (
				CCEDDA0E2A4F41AD008084C5 /* FirebaseFirestore */,
				CCEDDA102A4F41AD008084C5 /* FirebaseFirestoreSwift */,
			);
			productName = NineNine;
			productReference = CC5D8DDD2A1928AA0089A850 /* NineNine.app */;
			productType = "com.apple.product-type.application";
		};
/* End PBXNativeTarget section */

/* Begin PBXProject section */
		CC5D8DD52A1928AA0089A850 /* Project object */ = {
			isa = PBXProject;
			attributes = {
				BuildIndependentTargetsInParallel = 1;
				LastSwiftUpdateCheck = 1430;
				LastUpgradeCheck = 1430;
				TargetAttributes = {
					CC5D8DDC2A1928AA0089A850 = {
						CreatedOnToolsVersion = 14.3;
						LastSwiftMigration = 1430;
					};
				};
			};
			buildConfigurationList = CC5D8DD82A1928AA0089A850 /* Build configuration list for PBXProject "NineNine" */;
			compatibilityVersion = "Xcode 14.0";
			developmentRegion = en;
			hasScannedForEncodings = 0;
			knownRegions = (
				en,
				Base,
			);
			mainGroup = CC5D8DD42A1928AA0089A850;
			packageReferences = (
				CCEDDA0D2A4F41AD008084C5 /* XCRemoteSwiftPackageReference "firebase-ios-sdk" */,
			);
			productRefGroup = CC5D8DDE2A1928AA0089A850 /* Products */;
			projectDirPath = "";
			projectRoot = "";
			targets = (
				CC5D8DDC2A1928AA0089A850 /* NineNine */,
			);
		};
/* End PBXProject section */

/* Begin PBXResourcesBuildPhase section */
		CC5D8DDB2A1928AA0089A850 /* Resources */ = {
			isa = PBXResourcesBuildPhase;
			buildActionMask = 2147483647;
			files = (
				CC0362CF2A4A2AF800A308C1 /* ShakeItGame.storyboard in Resources */,
				CC5D8DED2A1928AB0089A850 /* LaunchScreen.storyboard in Resources */,
				CC5D8DEA2A1928AB0089A850 /* Assets.xcassets in Resources */,
				CC5D8DE82A1928AA0089A850 /* Home.storyboard in Resources */,
				CC737CA52A460C5500841C99 /* Main.m4a in Resources */,
				CCDD056C2A56A537007C54B1 /* GoogleService-Info.plist in Resources */,

				CC737CA92A46127100841C99 /* Game.m4a in Resources */,
				FF6B4E052A50675000E3EB36 /* PlusGame.storyboard in Resources */,
				CC4E09E62A1931DC00B7ED08 /* NanumGothicExtraBold.otf in Resources */,
				CC637CE12A4A13BD0003DA93 /* ReadyandFinish.storyboard in Resources */,
				FF910BD92A4D525800B231E9 /* MultiplyGame.storyboard in Resources */,
				CC637CC92A4A0BD00003DA93 /* BBGame.storyboard in Resources */,
			);
			runOnlyForDeploymentPostprocessing = 0;
		};
/* End PBXResourcesBuildPhase section */

/* Begin PBXSourcesBuildPhase section */
		CC5D8DD92A1928AA0089A850 /* Sources */ = {
			isa = PBXSourcesBuildPhase;
			buildActionMask = 2147483647;
			files = (
				CCD55F1D2A44AD5600AD3206 /* CustomizeView.swift in Sources */,
				ADABF6EE2A51449000F8745D /* ShakeItModel.swift in Sources */,
				CCD55F1F2A44AF4900AD3206 /* StackNavigation.swift in Sources */,
				CC0C83512A1B293D00DB6534 /* ImageResize.swift in Sources */,
				CC637CCC2A4A0BF80003DA93 /* BBGameData.swift in Sources */,
				CCEDDA132A52BFFE008084C5 /* ShowAlert.swift in Sources */,
				CC5D8DE52A1928AA0089A850 /* HomeViewController.swift in Sources */,
				CCDDFB0E2A554366003BDAC6 /* GameRecordViewController.swift in Sources */,
				CC637CC22A4A064F0003DA93 /* HomeData.swift in Sources */,
				CC5D8DF92A1929C40089A850 /* HexColor.swift in Sources */,
				CC5D8DE12A1928AA0089A850 /* AppDelegate.swift in Sources */,
				FF6B4E072A50676600E3EB36 /* PlusGameViewController.swift in Sources */,
				CC5D8DE32A1928AA0089A850 /* SceneDelegate.swift in Sources */,
				CC0C834A2A1A40CF00DB6534 /* GameContentsTableViewCell.swift in Sources */,
				CC7FC8622A2847F700D4F33A /* BBGameViewController.swift in Sources */,
				CC0362CD2A4A1BDA00A308C1 /* GameData.swift in Sources */,
				FF20B2B82A57E4420031535C /* MultiplyAndPlusGameData.swift in Sources */,
				CCEC33912A46C7C7006D2109 /* GameDelegate.swift in Sources */,
				CC8787212A24860700C79AD3 /* StartingViewController.swift in Sources */,
				CCCAFAF72A49BD5A00D79EDD /* ShakeItGameViewController.swift in Sources */,
				CC737CAE2A4628EB00841C99 /* AudioPlayer.swift in Sources */,
				CCEC338F2A46C1F2006D2109 /* GameResultViewController.swift in Sources */,
				CCCAFAF92A49BFC400D79EDD /* GameTimer.swift in Sources */,
				CCDDFB102A55455D003BDAC6 /* GameRecordTableViewCell.swift in Sources */,
				CC0362CA2A4A169F00A308C1 /* SelectedGameDelegate.swift in Sources */,
				CC737CAC2A4616A100841C99 /* AudioPlayerDelegate.swift in Sources */,
				FF910BDF2A4D529700B231E9 /* MultiplyGameViewController.swift in Sources */,
			);
			runOnlyForDeploymentPostprocessing = 0;
		};
/* End PBXSourcesBuildPhase section */

/* Begin PBXVariantGroup section */
		CC5D8DE62A1928AA0089A850 /* Home.storyboard */ = {
			isa = PBXVariantGroup;
			children = (
				CC5D8DE72A1928AA0089A850 /* Base */,
			);
			name = Home.storyboard;
			sourceTree = "<group>";
		};
		CC5D8DEB2A1928AB0089A850 /* LaunchScreen.storyboard */ = {
			isa = PBXVariantGroup;
			children = (
				CC5D8DEC2A1928AB0089A850 /* Base */,
			);
			name = LaunchScreen.storyboard;
			sourceTree = "<group>";
		};
/* End PBXVariantGroup section */

/* Begin XCBuildConfiguration section */
		CC5D8DEF2A1928AB0089A850 /* Debug */ = {
			isa = XCBuildConfiguration;
			buildSettings = {
				ALWAYS_SEARCH_USER_PATHS = NO;
				CLANG_ANALYZER_NONNULL = YES;
				CLANG_ANALYZER_NUMBER_OBJECT_CONVERSION = YES_AGGRESSIVE;
				CLANG_CXX_LANGUAGE_STANDARD = "gnu++20";
				CLANG_ENABLE_MODULES = YES;
				CLANG_ENABLE_OBJC_ARC = YES;
				CLANG_ENABLE_OBJC_WEAK = YES;
				CLANG_WARN_BLOCK_CAPTURE_AUTORELEASING = YES;
				CLANG_WARN_BOOL_CONVERSION = YES;
				CLANG_WARN_COMMA = YES;
				CLANG_WARN_CONSTANT_CONVERSION = YES;
				CLANG_WARN_DEPRECATED_OBJC_IMPLEMENTATIONS = YES;
				CLANG_WARN_DIRECT_OBJC_ISA_USAGE = YES_ERROR;
				CLANG_WARN_DOCUMENTATION_COMMENTS = YES;
				CLANG_WARN_EMPTY_BODY = YES;
				CLANG_WARN_ENUM_CONVERSION = YES;
				CLANG_WARN_INFINITE_RECURSION = YES;
				CLANG_WARN_INT_CONVERSION = YES;
				CLANG_WARN_NON_LITERAL_NULL_CONVERSION = YES;
				CLANG_WARN_OBJC_IMPLICIT_RETAIN_SELF = YES;
				CLANG_WARN_OBJC_LITERAL_CONVERSION = YES;
				CLANG_WARN_OBJC_ROOT_CLASS = YES_ERROR;
				CLANG_WARN_QUOTED_INCLUDE_IN_FRAMEWORK_HEADER = YES;
				CLANG_WARN_RANGE_LOOP_ANALYSIS = YES;
				CLANG_WARN_STRICT_PROTOTYPES = YES;
				CLANG_WARN_SUSPICIOUS_MOVE = YES;
				CLANG_WARN_UNGUARDED_AVAILABILITY = YES_AGGRESSIVE;
				CLANG_WARN_UNREACHABLE_CODE = YES;
				CLANG_WARN__DUPLICATE_METHOD_MATCH = YES;
				COPY_PHASE_STRIP = NO;
				DEBUG_INFORMATION_FORMAT = dwarf;
				ENABLE_STRICT_OBJC_MSGSEND = YES;
				ENABLE_TESTABILITY = YES;
				GCC_C_LANGUAGE_STANDARD = gnu11;
				GCC_DYNAMIC_NO_PIC = NO;
				GCC_NO_COMMON_BLOCKS = YES;
				GCC_OPTIMIZATION_LEVEL = 0;
				GCC_PREPROCESSOR_DEFINITIONS = (
					"DEBUG=1",
					"$(inherited)",
				);
				GCC_WARN_64_TO_32_BIT_CONVERSION = YES;
				GCC_WARN_ABOUT_RETURN_TYPE = YES_ERROR;
				GCC_WARN_UNDECLARED_SELECTOR = YES;
				GCC_WARN_UNINITIALIZED_AUTOS = YES_AGGRESSIVE;
				GCC_WARN_UNUSED_FUNCTION = YES;
				GCC_WARN_UNUSED_VARIABLE = YES;
				IPHONEOS_DEPLOYMENT_TARGET = 16.4;
				MTL_ENABLE_DEBUG_INFO = INCLUDE_SOURCE;
				MTL_FAST_MATH = YES;
				ONLY_ACTIVE_ARCH = YES;
				SDKROOT = iphoneos;
				SWIFT_ACTIVE_COMPILATION_CONDITIONS = DEBUG;
				SWIFT_OPTIMIZATION_LEVEL = "-Onone";
			};
			name = Debug;
		};
		CC5D8DF02A1928AB0089A850 /* Release */ = {
			isa = XCBuildConfiguration;
			buildSettings = {
				ALWAYS_SEARCH_USER_PATHS = NO;
				CLANG_ANALYZER_NONNULL = YES;
				CLANG_ANALYZER_NUMBER_OBJECT_CONVERSION = YES_AGGRESSIVE;
				CLANG_CXX_LANGUAGE_STANDARD = "gnu++20";
				CLANG_ENABLE_MODULES = YES;
				CLANG_ENABLE_OBJC_ARC = YES;
				CLANG_ENABLE_OBJC_WEAK = YES;
				CLANG_WARN_BLOCK_CAPTURE_AUTORELEASING = YES;
				CLANG_WARN_BOOL_CONVERSION = YES;
				CLANG_WARN_COMMA = YES;
				CLANG_WARN_CONSTANT_CONVERSION = YES;
				CLANG_WARN_DEPRECATED_OBJC_IMPLEMENTATIONS = YES;
				CLANG_WARN_DIRECT_OBJC_ISA_USAGE = YES_ERROR;
				CLANG_WARN_DOCUMENTATION_COMMENTS = YES;
				CLANG_WARN_EMPTY_BODY = YES;
				CLANG_WARN_ENUM_CONVERSION = YES;
				CLANG_WARN_INFINITE_RECURSION = YES;
				CLANG_WARN_INT_CONVERSION = YES;
				CLANG_WARN_NON_LITERAL_NULL_CONVERSION = YES;
				CLANG_WARN_OBJC_IMPLICIT_RETAIN_SELF = YES;
				CLANG_WARN_OBJC_LITERAL_CONVERSION = YES;
				CLANG_WARN_OBJC_ROOT_CLASS = YES_ERROR;
				CLANG_WARN_QUOTED_INCLUDE_IN_FRAMEWORK_HEADER = YES;
				CLANG_WARN_RANGE_LOOP_ANALYSIS = YES;
				CLANG_WARN_STRICT_PROTOTYPES = YES;
				CLANG_WARN_SUSPICIOUS_MOVE = YES;
				CLANG_WARN_UNGUARDED_AVAILABILITY = YES_AGGRESSIVE;
				CLANG_WARN_UNREACHABLE_CODE = YES;
				CLANG_WARN__DUPLICATE_METHOD_MATCH = YES;
				COPY_PHASE_STRIP = NO;
				DEBUG_INFORMATION_FORMAT = "dwarf-with-dsym";
				ENABLE_NS_ASSERTIONS = NO;
				ENABLE_STRICT_OBJC_MSGSEND = YES;
				GCC_C_LANGUAGE_STANDARD = gnu11;
				GCC_NO_COMMON_BLOCKS = YES;
				GCC_WARN_64_TO_32_BIT_CONVERSION = YES;
				GCC_WARN_ABOUT_RETURN_TYPE = YES_ERROR;
				GCC_WARN_UNDECLARED_SELECTOR = YES;
				GCC_WARN_UNINITIALIZED_AUTOS = YES_AGGRESSIVE;
				GCC_WARN_UNUSED_FUNCTION = YES;
				GCC_WARN_UNUSED_VARIABLE = YES;
				IPHONEOS_DEPLOYMENT_TARGET = 16.4;
				MTL_ENABLE_DEBUG_INFO = NO;
				MTL_FAST_MATH = YES;
				SDKROOT = iphoneos;
				SWIFT_COMPILATION_MODE = wholemodule;
				SWIFT_OPTIMIZATION_LEVEL = "-O";
				VALIDATE_PRODUCT = YES;
			};
			name = Release;
		};
		CC5D8DF22A1928AB0089A850 /* Debug */ = {
			isa = XCBuildConfiguration;
			buildSettings = {
				ASSETCATALOG_COMPILER_APPICON_NAME = AppIcon;
				ASSETCATALOG_COMPILER_GLOBAL_ACCENT_COLOR_NAME = AccentColor;
				CLANG_ENABLE_MODULES = YES;
				CODE_SIGN_STYLE = Automatic;
				CURRENT_PROJECT_VERSION = 1;
				DEVELOPMENT_TEAM = U6NUHA5DNR;
				GENERATE_INFOPLIST_FILE = YES;
				INFOPLIST_FILE = NineNine/Info.plist;
				INFOPLIST_KEY_UIApplicationSupportsIndirectInputEvents = YES;
				INFOPLIST_KEY_UILaunchStoryboardName = LaunchScreen;
				INFOPLIST_KEY_UIMainStoryboardFile = Home;
				INFOPLIST_KEY_UISupportedInterfaceOrientations_iPad = "UIInterfaceOrientationPortrait UIInterfaceOrientationPortraitUpsideDown UIInterfaceOrientationLandscapeLeft UIInterfaceOrientationLandscapeRight";
				INFOPLIST_KEY_UISupportedInterfaceOrientations_iPhone = "UIInterfaceOrientationPortrait UIInterfaceOrientationLandscapeLeft UIInterfaceOrientationLandscapeRight";
				INFOPLIST_KEY_UIUserInterfaceStyle = Light;
				IPHONEOS_DEPLOYMENT_TARGET = 15.0;
				LD_RUNPATH_SEARCH_PATHS = (
					"$(inherited)",
					"@executable_path/Frameworks",
				);
				MARKETING_VERSION = 1.0;
				PRODUCT_BUNDLE_IDENTIFIER = com.likelion.www.NineNine;
				PRODUCT_NAME = "$(TARGET_NAME)";
				SUPPORTED_PLATFORMS = "iphoneos iphonesimulator";
				SUPPORTS_MACCATALYST = NO;
				SUPPORTS_MAC_DESIGNED_FOR_IPHONE_IPAD = NO;
				SWIFT_EMIT_LOC_STRINGS = YES;
				SWIFT_OPTIMIZATION_LEVEL = "-Onone";
				SWIFT_VERSION = 5.0;
				TARGETED_DEVICE_FAMILY = 1;
			};
			name = Debug;
		};
		CC5D8DF32A1928AB0089A850 /* Release */ = {
			isa = XCBuildConfiguration;
			buildSettings = {
				ASSETCATALOG_COMPILER_APPICON_NAME = AppIcon;
				ASSETCATALOG_COMPILER_GLOBAL_ACCENT_COLOR_NAME = AccentColor;
				CLANG_ENABLE_MODULES = YES;
				CODE_SIGN_STYLE = Automatic;
				CURRENT_PROJECT_VERSION = 1;
				DEVELOPMENT_TEAM = U6NUHA5DNR;
				GENERATE_INFOPLIST_FILE = YES;
				INFOPLIST_FILE = NineNine/Info.plist;
				INFOPLIST_KEY_UIApplicationSupportsIndirectInputEvents = YES;
				INFOPLIST_KEY_UILaunchStoryboardName = LaunchScreen;
				INFOPLIST_KEY_UIMainStoryboardFile = Home;
				INFOPLIST_KEY_UISupportedInterfaceOrientations_iPad = "UIInterfaceOrientationPortrait UIInterfaceOrientationPortraitUpsideDown UIInterfaceOrientationLandscapeLeft UIInterfaceOrientationLandscapeRight";
				INFOPLIST_KEY_UISupportedInterfaceOrientations_iPhone = "UIInterfaceOrientationPortrait UIInterfaceOrientationLandscapeLeft UIInterfaceOrientationLandscapeRight";
				INFOPLIST_KEY_UIUserInterfaceStyle = Light;
				IPHONEOS_DEPLOYMENT_TARGET = 15.0;
				LD_RUNPATH_SEARCH_PATHS = (
					"$(inherited)",
					"@executable_path/Frameworks",
				);
				MARKETING_VERSION = 1.0;
				PRODUCT_BUNDLE_IDENTIFIER = com.likelion.www.NineNine;
				PRODUCT_NAME = "$(TARGET_NAME)";
				SUPPORTED_PLATFORMS = "iphoneos iphonesimulator";
				SUPPORTS_MACCATALYST = NO;
				SUPPORTS_MAC_DESIGNED_FOR_IPHONE_IPAD = NO;
				SWIFT_EMIT_LOC_STRINGS = YES;
				SWIFT_VERSION = 5.0;
				TARGETED_DEVICE_FAMILY = 1;
			};
			name = Release;
		};
/* End XCBuildConfiguration section */

/* Begin XCConfigurationList section */
		CC5D8DD82A1928AA0089A850 /* Build configuration list for PBXProject "NineNine" */ = {
			isa = XCConfigurationList;
			buildConfigurations = (
				CC5D8DEF2A1928AB0089A850 /* Debug */,
				CC5D8DF02A1928AB0089A850 /* Release */,
			);
			defaultConfigurationIsVisible = 0;
			defaultConfigurationName = Release;
		};
		CC5D8DF12A1928AB0089A850 /* Build configuration list for PBXNativeTarget "NineNine" */ = {
			isa = XCConfigurationList;
			buildConfigurations = (
				CC5D8DF22A1928AB0089A850 /* Debug */,
				CC5D8DF32A1928AB0089A850 /* Release */,
			);
			defaultConfigurationIsVisible = 0;
			defaultConfigurationName = Release;
		};
/* End XCConfigurationList section */

/* Begin XCRemoteSwiftPackageReference section */
		CCEDDA0D2A4F41AD008084C5 /* XCRemoteSwiftPackageReference "firebase-ios-sdk" */ = {
			isa = XCRemoteSwiftPackageReference;
			repositoryURL = "https://github.com/firebase/firebase-ios-sdk";
			requirement = {
				kind = upToNextMajorVersion;
				minimumVersion = 10.0.0;
			};
		};
/* End XCRemoteSwiftPackageReference section */

/* Begin XCSwiftPackageProductDependency section */
		CCEDDA0E2A4F41AD008084C5 /* FirebaseFirestore */ = {
			isa = XCSwiftPackageProductDependency;
			package = CCEDDA0D2A4F41AD008084C5 /* XCRemoteSwiftPackageReference "firebase-ios-sdk" */;
			productName = FirebaseFirestore;
		};
		CCEDDA102A4F41AD008084C5 /* FirebaseFirestoreSwift */ = {
			isa = XCSwiftPackageProductDependency;
			package = CCEDDA0D2A4F41AD008084C5 /* XCRemoteSwiftPackageReference "firebase-ios-sdk" */;
			productName = FirebaseFirestoreSwift;
		};
/* End XCSwiftPackageProductDependency section */
	};
	rootObject = CC5D8DD52A1928AA0089A850 /* Project object */;
}
